<Solution>
  <Folder Name="/Solution Items/">
    <File Path=".editorconfig" />
    <File Path=".gitignore" />
    <File Path="Directory.Build.props" />
    <File Path="README.md" />
  </Folder>
  <Project Path="src/Opal.Demo/Opal.Demo.csproj" />
  <Project Path="src/Opal/Opal.csproj" />
</Solution>
