
Microsoft Visual Studio Solution File, Format Version 12.00
# Visual Studio Version 17
VisualStudioVersion = 17.4.33103.184
MinimumVisualStudioVersion = 10.0.40219.1
Project("{9A19103F-16F7-4668-BE54-9A1E7A4F7556}") = "Opal", "src\Opal\Opal.csproj", "{A9ABE2A8-3657-46C9-9AF5-A2A301B53B13}"
EndProject
Project("{FAE04EC0-301F-11D3-BF4B-00C04F79EFBC}") = "Opal.Demo", "src\Opal.Demo\Opal.Demo.csproj", "{FCD85D77-834D-4629-BD41-6CC2DB993265}"
EndProject
Global
	GlobalSection(SolutionConfigurationPlatforms) = preSolution
		Debug|Any CPU = Debug|Any CPU
		Release|Any CPU = Release|Any CPU
	EndGlobalSection
	GlobalSection(ProjectConfigurationPlatforms) = postSolution
		{A9ABE2A8-3657-46C9-9AF5-A2A301B53B13}.Debug|Any CPU.ActiveCfg = Debug|Any CPU
		{A9ABE2A8-3657-46C9-9AF5-A2A301B53B13}.Debug|Any CPU.Build.0 = Debug|Any CPU
		{A9ABE2A8-3657-46C9-9AF5-A2A301B53B13}.Release|Any CPU.ActiveCfg = Release|Any CPU
		{A9ABE2A8-3657-46C9-9AF5-A2A301B53B13}.Release|Any CPU.Build.0 = Release|Any CPU
		{FCD85D77-834D-4629-BD41-6CC2DB993265}.Debug|Any CPU.ActiveCfg = Debug|Any CPU
		{FCD85D77-834D-4629-BD41-6CC2DB993265}.Debug|Any CPU.Build.0 = Debug|Any CPU
		{FCD85D77-834D-4629-BD41-6CC2DB993265}.Release|Any CPU.ActiveCfg = Release|Any CPU
		{FCD85D77-834D-4629-BD41-6CC2DB993265}.Release|Any CPU.Build.0 = Release|Any CPU
	EndGlobalSection
	GlobalSection(SolutionProperties) = preSolution
		HideSolutionNode = FALSE
	EndGlobalSection
	GlobalSection(ExtensibilityGlobals) = postSolution
		SolutionGuid = {EF67321B-B832-493D-B68B-659909FAA93A}
	EndGlobalSection
EndGlobal
